
Microsoft Visual Studio Solution File, Format Version 12.00
# Visual Studio Version 17
VisualStudioVersion = 17.4.33122.133
MinimumVisualStudioVersion = 10.0.40219.1
Project("{9A19103F-16F7-4668-BE54-9A1E7A4F7556}") = "TradeBotLib", "TradeBotLib\TradeBotLib.csproj", "{038D1A25-E97E-47D7-B9DB-408384E2A93C}"
EndProject
Project("{9A19103F-16F7-4668-BE54-9A1E7A4F7556}") = "PoeCrafter", "PoeCrafter\PoeCrafter.csproj", "{7C6FDB58-3120-4364-8E31-62556F1B607B}"
EndProject
Project("{9A19103F-16F7-4668-BE54-9A1E7A4F7556}") = "TradeBotLib.Tests", "TradeBotLib.Tests\TradeBotLib.Tests.csproj", "{ED0E7FC2-5BBD-496E-9E9E-1453F75FF372}"
EndProject
Project("{9A19103F-16F7-4668-BE54-9A1E7A4F7556}") = "PoeLib", "PoeLib\PoeLib.csproj", "{72AEE018-F6E6-4234-94C1-F76A259A43BE}"
EndProject
Project("{9A19103F-16F7-4668-BE54-9A1E7A4F7556}") = "PoeLib.Tests", "PoeLib.Tests\PoeLib.Tests.csproj", "{C9E40D9E-1091-4C8C-A4E5-37C132CC0283}"
EndProject
Project("{9A19103F-16F7-4668-BE54-9A1E7A4F7556}") = "Core", "PrivateExileApi\ExileApi\Core\Core.csproj", "{5539D732-34A7-44AB-9E28-116C3429B12A}"
EndProject
Project("{9A19103F-16F7-4668-BE54-9A1E7A4F7556}") = "GameOffsets", "PrivateExileApi\GameOffsets\GameOffsets.csproj", "{38084BC9-079D-487E-B774-D2F407DC8389}"
EndProject
Project("{9A19103F-16F7-4668-BE54-9A1E7A4F7556}") = "OffsetFinder", "OffsetFinder\OffsetFinder.csproj", "{0A5C3375-AB1C-4E75-975F-1C85D3496FD7}"
EndProject
Project("{9A19103F-16F7-4668-BE54-9A1E7A4F7556}") = "SpeedTest.Net", "SpeedTest.Net\SpeedTest.Net.csproj", "{C98CB73F-D990-406B-AE11-5C7CAB5A6E94}"
EndProject
Project("{9A19103F-16F7-4668-BE54-9A1E7A4F7556}") = "PoeHudWrapper", "PoeHudWrapper\PoeHudWrapper.csproj", "{18E300F7-B616-43D3-85FB-C65984FB5242}"
EndProject
Project("{9A19103F-16F7-4668-BE54-9A1E7A4F7556}") = "PoeTradeMonitor.GUI", "PoeTradeMonitor.GUI\PoeTradeMonitor.GUI.csproj", "{4E4C2EB5-5A14-45CB-AF04-462B65C2A4CC}"
EndProject
Project("{9A19103F-16F7-4668-BE54-9A1E7A4F7556}") = "PoeTradeMonitor.Service", "PoeTradeMonitor.Service\PoeTradeMonitor.Service.csproj", "{73267280-B0CE-4E30-A86A-E52F6A2FD889}"
EndProject
Project("{9A19103F-16F7-4668-BE54-9A1E7A4F7556}") = "ClickableTransparentOverlay", "PrivateExileApi\ExileApi\ClickableTransparentOverlay\ClickableTransparentOverlay\ClickableTransparentOverlay.csproj", "{06D377C3-BA76-4645-BB45-7EB96E572F11}"
EndProject
Project("{2150E333-8FDC-42A3-9474-1A3956D46DE8}") = "Solution Items", "Solution Items", "{BE3269B1-4FD1-405E-AA1E-BE551FC6D6F8}"
	ProjectSection(SolutionItems) = preProject
		.editorconfig = .editorconfig
	EndProjectSection
EndProject
Project("{FAE04EC0-301F-11D3-BF4B-00C04F79EFBC}") = "PoeAuthenticator", "PoeAuthenticator\PoeAuthenticator.csproj", "{D443C784-D1DA-446B-92EB-C4510FE1A251}"
EndProject
Global
	GlobalSection(SolutionConfigurationPlatforms) = preSolution
		Debug|Any CPU = Debug|Any CPU
		Debug|iPhone = Debug|iPhone
		Debug|iPhoneSimulator = Debug|iPhoneSimulator
		Debug|x64 = Debug|x64
		Debug|x86 = Debug|x86
		Release|Any CPU = Release|Any CPU
		Release|iPhone = Release|iPhone
		Release|iPhoneSimulator = Release|iPhoneSimulator
		Release|x64 = Release|x64
		Release|x86 = Release|x86
	EndGlobalSection
	GlobalSection(ProjectConfigurationPlatforms) = postSolution
		{038D1A25-E97E-47D7-B9DB-408384E2A93C}.Debug|Any CPU.ActiveCfg = Debug|Any CPU
		{038D1A25-E97E-47D7-B9DB-408384E2A93C}.Debug|Any CPU.Build.0 = Debug|Any CPU
		{038D1A25-E97E-47D7-B9DB-408384E2A93C}.Debug|iPhone.ActiveCfg = Debug|Any CPU
		{038D1A25-E97E-47D7-B9DB-408384E2A93C}.Debug|iPhone.Build.0 = Debug|Any CPU
		{038D1A25-E97E-47D7-B9DB-408384E2A93C}.Debug|iPhoneSimulator.ActiveCfg = Debug|Any CPU
		{038D1A25-E97E-47D7-B9DB-408384E2A93C}.Debug|iPhoneSimulator.Build.0 = Debug|Any CPU
		{038D1A25-E97E-47D7-B9DB-408384E2A93C}.Debug|x64.ActiveCfg = Debug|x64
		{038D1A25-E97E-47D7-B9DB-408384E2A93C}.Debug|x64.Build.0 = Debug|x64
		{038D1A25-E97E-47D7-B9DB-408384E2A93C}.Debug|x86.ActiveCfg = Debug|Any CPU
		{038D1A25-E97E-47D7-B9DB-408384E2A93C}.Debug|x86.Build.0 = Debug|Any CPU
		{038D1A25-E97E-47D7-B9DB-408384E2A93C}.Release|Any CPU.ActiveCfg = Release|Any CPU
		{038D1A25-E97E-47D7-B9DB-408384E2A93C}.Release|Any CPU.Build.0 = Release|Any CPU
		{038D1A25-E97E-47D7-B9DB-408384E2A93C}.Release|iPhone.ActiveCfg = Release|Any CPU
		{038D1A25-E97E-47D7-B9DB-408384E2A93C}.Release|iPhone.Build.0 = Release|Any CPU
		{038D1A25-E97E-47D7-B9DB-408384E2A93C}.Release|iPhoneSimulator.ActiveCfg = Release|Any CPU
		{038D1A25-E97E-47D7-B9DB-408384E2A93C}.Release|iPhoneSimulator.Build.0 = Release|Any CPU
		{038D1A25-E97E-47D7-B9DB-408384E2A93C}.Release|x64.ActiveCfg = Release|x64
		{038D1A25-E97E-47D7-B9DB-408384E2A93C}.Release|x64.Build.0 = Release|x64
		{038D1A25-E97E-47D7-B9DB-408384E2A93C}.Release|x86.ActiveCfg = Release|Any CPU
		{038D1A25-E97E-47D7-B9DB-408384E2A93C}.Release|x86.Build.0 = Release|Any CPU
		{7C6FDB58-3120-4364-8E31-62556F1B607B}.Debug|Any CPU.ActiveCfg = Debug|Any CPU
		{7C6FDB58-3120-4364-8E31-62556F1B607B}.Debug|Any CPU.Build.0 = Debug|Any CPU
		{7C6FDB58-3120-4364-8E31-62556F1B607B}.Debug|iPhone.ActiveCfg = Debug|Any CPU
		{7C6FDB58-3120-4364-8E31-62556F1B607B}.Debug|iPhone.Build.0 = Debug|Any CPU
		{7C6FDB58-3120-4364-8E31-62556F1B607B}.Debug|iPhoneSimulator.ActiveCfg = Debug|Any CPU
		{7C6FDB58-3120-4364-8E31-62556F1B607B}.Debug|iPhoneSimulator.Build.0 = Debug|Any CPU
		{7C6FDB58-3120-4364-8E31-62556F1B607B}.Debug|x64.ActiveCfg = Debug|Any CPU
		{7C6FDB58-3120-4364-8E31-62556F1B607B}.Debug|x64.Build.0 = Debug|Any CPU
		{7C6FDB58-3120-4364-8E31-62556F1B607B}.Debug|x86.ActiveCfg = Debug|Any CPU
		{7C6FDB58-3120-4364-8E31-62556F1B607B}.Debug|x86.Build.0 = Debug|Any CPU
		{7C6FDB58-3120-4364-8E31-62556F1B607B}.Release|Any CPU.ActiveCfg = Release|Any CPU
		{7C6FDB58-3120-4364-8E31-62556F1B607B}.Release|Any CPU.Build.0 = Release|Any CPU
		{7C6FDB58-3120-4364-8E31-62556F1B607B}.Release|iPhone.ActiveCfg = Release|Any CPU
		{7C6FDB58-3120-4364-8E31-62556F1B607B}.Release|iPhone.Build.0 = Release|Any CPU
		{7C6FDB58-3120-4364-8E31-62556F1B607B}.Release|iPhoneSimulator.ActiveCfg = Release|Any CPU
		{7C6FDB58-3120-4364-8E31-62556F1B607B}.Release|iPhoneSimulator.Build.0 = Release|Any CPU
		{7C6FDB58-3120-4364-8E31-62556F1B607B}.Release|x64.ActiveCfg = Release|Any CPU
		{7C6FDB58-3120-4364-8E31-62556F1B607B}.Release|x64.Build.0 = Release|Any CPU
		{7C6FDB58-3120-4364-8E31-62556F1B607B}.Release|x86.ActiveCfg = Release|Any CPU
		{7C6FDB58-3120-4364-8E31-62556F1B607B}.Release|x86.Build.0 = Release|Any CPU
		{ED0E7FC2-5BBD-496E-9E9E-1453F75FF372}.Debug|Any CPU.ActiveCfg = Debug|Any CPU
		{ED0E7FC2-5BBD-496E-9E9E-1453F75FF372}.Debug|Any CPU.Build.0 = Debug|Any CPU
		{ED0E7FC2-5BBD-496E-9E9E-1453F75FF372}.Debug|iPhone.ActiveCfg = Debug|Any CPU
		{ED0E7FC2-5BBD-496E-9E9E-1453F75FF372}.Debug|iPhone.Build.0 = Debug|Any CPU
		{ED0E7FC2-5BBD-496E-9E9E-1453F75FF372}.Debug|iPhoneSimulator.ActiveCfg = Debug|Any CPU
		{ED0E7FC2-5BBD-496E-9E9E-1453F75FF372}.Debug|iPhoneSimulator.Build.0 = Debug|Any CPU
		{ED0E7FC2-5BBD-496E-9E9E-1453F75FF372}.Debug|x64.ActiveCfg = Debug|Any CPU
		{ED0E7FC2-5BBD-496E-9E9E-1453F75FF372}.Debug|x64.Build.0 = Debug|Any CPU
		{ED0E7FC2-5BBD-496E-9E9E-1453F75FF372}.Debug|x86.ActiveCfg = Debug|Any CPU
		{ED0E7FC2-5BBD-496E-9E9E-1453F75FF372}.Debug|x86.Build.0 = Debug|Any CPU
		{ED0E7FC2-5BBD-496E-9E9E-1453F75FF372}.Release|Any CPU.ActiveCfg = Release|Any CPU
		{ED0E7FC2-5BBD-496E-9E9E-1453F75FF372}.Release|Any CPU.Build.0 = Release|Any CPU
		{ED0E7FC2-5BBD-496E-9E9E-1453F75FF372}.Release|iPhone.ActiveCfg = Release|Any CPU
		{ED0E7FC2-5BBD-496E-9E9E-1453F75FF372}.Release|iPhone.Build.0 = Release|Any CPU
		{ED0E7FC2-5BBD-496E-9E9E-1453F75FF372}.Release|iPhoneSimulator.ActiveCfg = Release|Any CPU
		{ED0E7FC2-5BBD-496E-9E9E-1453F75FF372}.Release|iPhoneSimulator.Build.0 = Release|Any CPU
		{ED0E7FC2-5BBD-496E-9E9E-1453F75FF372}.Release|x64.ActiveCfg = Release|Any CPU
		{ED0E7FC2-5BBD-496E-9E9E-1453F75FF372}.Release|x64.Build.0 = Release|Any CPU
		{ED0E7FC2-5BBD-496E-9E9E-1453F75FF372}.Release|x86.ActiveCfg = Release|Any CPU
		{ED0E7FC2-5BBD-496E-9E9E-1453F75FF372}.Release|x86.Build.0 = Release|Any CPU
		{72AEE018-F6E6-4234-94C1-F76A259A43BE}.Debug|Any CPU.ActiveCfg = Debug|Any CPU
		{72AEE018-F6E6-4234-94C1-F76A259A43BE}.Debug|Any CPU.Build.0 = Debug|Any CPU
		{72AEE018-F6E6-4234-94C1-F76A259A43BE}.Debug|iPhone.ActiveCfg = Debug|Any CPU
		{72AEE018-F6E6-4234-94C1-F76A259A43BE}.Debug|iPhone.Build.0 = Debug|Any CPU
		{72AEE018-F6E6-4234-94C1-F76A259A43BE}.Debug|iPhoneSimulator.ActiveCfg = Debug|Any CPU
		{72AEE018-F6E6-4234-94C1-F76A259A43BE}.Debug|iPhoneSimulator.Build.0 = Debug|Any CPU
		{72AEE018-F6E6-4234-94C1-F76A259A43BE}.Debug|x64.ActiveCfg = Debug|Any CPU
		{72AEE018-F6E6-4234-94C1-F76A259A43BE}.Debug|x64.Build.0 = Debug|Any CPU
		{72AEE018-F6E6-4234-94C1-F76A259A43BE}.Debug|x86.ActiveCfg = Debug|Any CPU
		{72AEE018-F6E6-4234-94C1-F76A259A43BE}.Debug|x86.Build.0 = Debug|Any CPU
		{72AEE018-F6E6-4234-94C1-F76A259A43BE}.Release|Any CPU.ActiveCfg = Release|Any CPU
		{72AEE018-F6E6-4234-94C1-F76A259A43BE}.Release|Any CPU.Build.0 = Release|Any CPU
		{72AEE018-F6E6-4234-94C1-F76A259A43BE}.Release|iPhone.ActiveCfg = Release|Any CPU
		{72AEE018-F6E6-4234-94C1-F76A259A43BE}.Release|iPhone.Build.0 = Release|Any CPU
		{72AEE018-F6E6-4234-94C1-F76A259A43BE}.Release|iPhoneSimulator.ActiveCfg = Release|Any CPU
		{72AEE018-F6E6-4234-94C1-F76A259A43BE}.Release|iPhoneSimulator.Build.0 = Release|Any CPU
		{72AEE018-F6E6-4234-94C1-F76A259A43BE}.Release|x64.ActiveCfg = Release|Any CPU
		{72AEE018-F6E6-4234-94C1-F76A259A43BE}.Release|x64.Build.0 = Release|Any CPU
		{72AEE018-F6E6-4234-94C1-F76A259A43BE}.Release|x86.ActiveCfg = Release|Any CPU
		{72AEE018-F6E6-4234-94C1-F76A259A43BE}.Release|x86.Build.0 = Release|Any CPU
		{C9E40D9E-1091-4C8C-A4E5-37C132CC0283}.Debug|Any CPU.ActiveCfg = Debug|Any CPU
		{C9E40D9E-1091-4C8C-A4E5-37C132CC0283}.Debug|Any CPU.Build.0 = Debug|Any CPU
		{C9E40D9E-1091-4C8C-A4E5-37C132CC0283}.Debug|iPhone.ActiveCfg = Debug|Any CPU
		{C9E40D9E-1091-4C8C-A4E5-37C132CC0283}.Debug|iPhone.Build.0 = Debug|Any CPU
		{C9E40D9E-1091-4C8C-A4E5-37C132CC0283}.Debug|iPhoneSimulator.ActiveCfg = Debug|Any CPU
		{C9E40D9E-1091-4C8C-A4E5-37C132CC0283}.Debug|iPhoneSimulator.Build.0 = Debug|Any CPU
		{C9E40D9E-1091-4C8C-A4E5-37C132CC0283}.Debug|x64.ActiveCfg = Debug|Any CPU
		{C9E40D9E-1091-4C8C-A4E5-37C132CC0283}.Debug|x64.Build.0 = Debug|Any CPU
		{C9E40D9E-1091-4C8C-A4E5-37C132CC0283}.Debug|x86.ActiveCfg = Debug|Any CPU
		{C9E40D9E-1091-4C8C-A4E5-37C132CC0283}.Debug|x86.Build.0 = Debug|Any CPU
		{C9E40D9E-1091-4C8C-A4E5-37C132CC0283}.Release|Any CPU.ActiveCfg = Release|Any CPU
		{C9E40D9E-1091-4C8C-A4E5-37C132CC0283}.Release|Any CPU.Build.0 = Release|Any CPU
		{C9E40D9E-1091-4C8C-A4E5-37C132CC0283}.Release|iPhone.ActiveCfg = Release|Any CPU
		{C9E40D9E-1091-4C8C-A4E5-37C132CC0283}.Release|iPhone.Build.0 = Release|Any CPU
		{C9E40D9E-1091-4C8C-A4E5-37C132CC0283}.Release|iPhoneSimulator.ActiveCfg = Release|Any CPU
		{C9E40D9E-1091-4C8C-A4E5-37C132CC0283}.Release|iPhoneSimulator.Build.0 = Release|Any CPU
		{C9E40D9E-1091-4C8C-A4E5-37C132CC0283}.Release|x64.ActiveCfg = Release|Any CPU
		{C9E40D9E-1091-4C8C-A4E5-37C132CC0283}.Release|x64.Build.0 = Release|Any CPU
		{C9E40D9E-1091-4C8C-A4E5-37C132CC0283}.Release|x86.ActiveCfg = Release|Any CPU
		{C9E40D9E-1091-4C8C-A4E5-37C132CC0283}.Release|x86.Build.0 = Release|Any CPU
		{5539D732-34A7-44AB-9E28-116C3429B12A}.Debug|Any CPU.ActiveCfg = Debug|Any CPU
		{5539D732-34A7-44AB-9E28-116C3429B12A}.Debug|Any CPU.Build.0 = Debug|Any CPU
		{5539D732-34A7-44AB-9E28-116C3429B12A}.Debug|iPhone.ActiveCfg = Debug|Any CPU
		{5539D732-34A7-44AB-9E28-116C3429B12A}.Debug|iPhone.Build.0 = Debug|Any CPU
		{5539D732-34A7-44AB-9E28-116C3429B12A}.Debug|iPhoneSimulator.ActiveCfg = Debug|Any CPU
		{5539D732-34A7-44AB-9E28-116C3429B12A}.Debug|iPhoneSimulator.Build.0 = Debug|Any CPU
		{5539D732-34A7-44AB-9E28-116C3429B12A}.Debug|x64.ActiveCfg = Debug|Any CPU
		{5539D732-34A7-44AB-9E28-116C3429B12A}.Debug|x64.Build.0 = Debug|Any CPU
		{5539D732-34A7-44AB-9E28-116C3429B12A}.Debug|x86.ActiveCfg = Debug|Any CPU
		{5539D732-34A7-44AB-9E28-116C3429B12A}.Debug|x86.Build.0 = Debug|Any CPU
		{5539D732-34A7-44AB-9E28-116C3429B12A}.Release|Any CPU.ActiveCfg = Release|Any CPU
		{5539D732-34A7-44AB-9E28-116C3429B12A}.Release|Any CPU.Build.0 = Release|Any CPU
		{5539D732-34A7-44AB-9E28-116C3429B12A}.Release|iPhone.ActiveCfg = Release|Any CPU
		{5539D732-34A7-44AB-9E28-116C3429B12A}.Release|iPhone.Build.0 = Release|Any CPU
		{5539D732-34A7-44AB-9E28-116C3429B12A}.Release|iPhoneSimulator.ActiveCfg = Release|Any CPU
		{5539D732-34A7-44AB-9E28-116C3429B12A}.Release|iPhoneSimulator.Build.0 = Release|Any CPU
		{5539D732-34A7-44AB-9E28-116C3429B12A}.Release|x64.ActiveCfg = Release|Any CPU
		{5539D732-34A7-44AB-9E28-116C3429B12A}.Release|x64.Build.0 = Release|Any CPU
		{5539D732-34A7-44AB-9E28-116C3429B12A}.Release|x86.ActiveCfg = Release|Any CPU
		{5539D732-34A7-44AB-9E28-116C3429B12A}.Release|x86.Build.0 = Release|Any CPU
		{38084BC9-079D-487E-B774-D2F407DC8389}.Debug|Any CPU.ActiveCfg = Debug|Any CPU
		{38084BC9-079D-487E-B774-D2F407DC8389}.Debug|Any CPU.Build.0 = Debug|Any CPU
		{38084BC9-079D-487E-B774-D2F407DC8389}.Debug|iPhone.ActiveCfg = Debug|Any CPU
		{38084BC9-079D-487E-B774-D2F407DC8389}.Debug|iPhone.Build.0 = Debug|Any CPU
		{38084BC9-079D-487E-B774-D2F407DC8389}.Debug|iPhoneSimulator.ActiveCfg = Debug|Any CPU
		{38084BC9-079D-487E-B774-D2F407DC8389}.Debug|iPhoneSimulator.Build.0 = Debug|Any CPU
		{38084BC9-079D-487E-B774-D2F407DC8389}.Debug|x64.ActiveCfg = Debug|Any CPU
		{38084BC9-079D-487E-B774-D2F407DC8389}.Debug|x64.Build.0 = Debug|Any CPU
		{38084BC9-079D-487E-B774-D2F407DC8389}.Debug|x86.ActiveCfg = Debug|Any CPU
		{38084BC9-079D-487E-B774-D2F407DC8389}.Debug|x86.Build.0 = Debug|Any CPU
		{38084BC9-079D-487E-B774-D2F407DC8389}.Release|Any CPU.ActiveCfg = Release|Any CPU
		{38084BC9-079D-487E-B774-D2F407DC8389}.Release|Any CPU.Build.0 = Release|Any CPU
		{38084BC9-079D-487E-B774-D2F407DC8389}.Release|iPhone.ActiveCfg = Release|Any CPU
		{38084BC9-079D-487E-B774-D2F407DC8389}.Release|iPhone.Build.0 = Release|Any CPU
		{38084BC9-079D-487E-B774-D2F407DC8389}.Release|iPhoneSimulator.ActiveCfg = Release|Any CPU
		{38084BC9-079D-487E-B774-D2F407DC8389}.Release|iPhoneSimulator.Build.0 = Release|Any CPU
		{38084BC9-079D-487E-B774-D2F407DC8389}.Release|x64.ActiveCfg = Release|Any CPU
		{38084BC9-079D-487E-B774-D2F407DC8389}.Release|x64.Build.0 = Release|Any CPU
		{38084BC9-079D-487E-B774-D2F407DC8389}.Release|x86.ActiveCfg = Release|Any CPU
		{38084BC9-079D-487E-B774-D2F407DC8389}.Release|x86.Build.0 = Release|Any CPU
		{0A5C3375-AB1C-4E75-975F-1C85D3496FD7}.Debug|Any CPU.ActiveCfg = Debug|Any CPU
		{0A5C3375-AB1C-4E75-975F-1C85D3496FD7}.Debug|Any CPU.Build.0 = Debug|Any CPU
		{0A5C3375-AB1C-4E75-975F-1C85D3496FD7}.Debug|iPhone.ActiveCfg = Debug|Any CPU
		{0A5C3375-AB1C-4E75-975F-1C85D3496FD7}.Debug|iPhone.Build.0 = Debug|Any CPU
		{0A5C3375-AB1C-4E75-975F-1C85D3496FD7}.Debug|iPhoneSimulator.ActiveCfg = Debug|Any CPU
		{0A5C3375-AB1C-4E75-975F-1C85D3496FD7}.Debug|iPhoneSimulator.Build.0 = Debug|Any CPU
		{0A5C3375-AB1C-4E75-975F-1C85D3496FD7}.Debug|x64.ActiveCfg = Debug|Any CPU
		{0A5C3375-AB1C-4E75-975F-1C85D3496FD7}.Debug|x64.Build.0 = Debug|Any CPU
		{0A5C3375-AB1C-4E75-975F-1C85D3496FD7}.Debug|x86.ActiveCfg = Debug|Any CPU
		{0A5C3375-AB1C-4E75-975F-1C85D3496FD7}.Debug|x86.Build.0 = Debug|Any CPU
		{0A5C3375-AB1C-4E75-975F-1C85D3496FD7}.Release|Any CPU.ActiveCfg = Release|Any CPU
		{0A5C3375-AB1C-4E75-975F-1C85D3496FD7}.Release|Any CPU.Build.0 = Release|Any CPU
		{0A5C3375-AB1C-4E75-975F-1C85D3496FD7}.Release|iPhone.ActiveCfg = Release|Any CPU
		{0A5C3375-AB1C-4E75-975F-1C85D3496FD7}.Release|iPhone.Build.0 = Release|Any CPU
		{0A5C3375-AB1C-4E75-975F-1C85D3496FD7}.Release|iPhoneSimulator.ActiveCfg = Release|Any CPU
		{0A5C3375-AB1C-4E75-975F-1C85D3496FD7}.Release|iPhoneSimulator.Build.0 = Release|Any CPU
		{0A5C3375-AB1C-4E75-975F-1C85D3496FD7}.Release|x64.ActiveCfg = Release|Any CPU
		{0A5C3375-AB1C-4E75-975F-1C85D3496FD7}.Release|x64.Build.0 = Release|Any CPU
		{0A5C3375-AB1C-4E75-975F-1C85D3496FD7}.Release|x86.ActiveCfg = Release|Any CPU
		{0A5C3375-AB1C-4E75-975F-1C85D3496FD7}.Release|x86.Build.0 = Release|Any CPU
		{C98CB73F-D990-406B-AE11-5C7CAB5A6E94}.Debug|Any CPU.ActiveCfg = Debug|Any CPU
		{C98CB73F-D990-406B-AE11-5C7CAB5A6E94}.Debug|Any CPU.Build.0 = Debug|Any CPU
		{C98CB73F-D990-406B-AE11-5C7CAB5A6E94}.Debug|iPhone.ActiveCfg = Debug|Any CPU
		{C98CB73F-D990-406B-AE11-5C7CAB5A6E94}.Debug|iPhone.Build.0 = Debug|Any CPU
		{C98CB73F-D990-406B-AE11-5C7CAB5A6E94}.Debug|iPhoneSimulator.ActiveCfg = Debug|Any CPU
		{C98CB73F-D990-406B-AE11-5C7CAB5A6E94}.Debug|iPhoneSimulator.Build.0 = Debug|Any CPU
		{C98CB73F-D990-406B-AE11-5C7CAB5A6E94}.Debug|x64.ActiveCfg = Debug|Any CPU
		{C98CB73F-D990-406B-AE11-5C7CAB5A6E94}.Debug|x64.Build.0 = Debug|Any CPU
		{C98CB73F-D990-406B-AE11-5C7CAB5A6E94}.Debug|x86.ActiveCfg = Debug|Any CPU
		{C98CB73F-D990-406B-AE11-5C7CAB5A6E94}.Debug|x86.Build.0 = Debug|Any CPU
		{C98CB73F-D990-406B-AE11-5C7CAB5A6E94}.Release|Any CPU.ActiveCfg = Release|Any CPU
		{C98CB73F-D990-406B-AE11-5C7CAB5A6E94}.Release|Any CPU.Build.0 = Release|Any CPU
		{C98CB73F-D990-406B-AE11-5C7CAB5A6E94}.Release|iPhone.ActiveCfg = Release|Any CPU
		{C98CB73F-D990-406B-AE11-5C7CAB5A6E94}.Release|iPhone.Build.0 = Release|Any CPU
		{C98CB73F-D990-406B-AE11-5C7CAB5A6E94}.Release|iPhoneSimulator.ActiveCfg = Release|Any CPU
		{C98CB73F-D990-406B-AE11-5C7CAB5A6E94}.Release|iPhoneSimulator.Build.0 = Release|Any CPU
		{C98CB73F-D990-406B-AE11-5C7CAB5A6E94}.Release|x64.ActiveCfg = Release|Any CPU
		{C98CB73F-D990-406B-AE11-5C7CAB5A6E94}.Release|x64.Build.0 = Release|Any CPU
		{C98CB73F-D990-406B-AE11-5C7CAB5A6E94}.Release|x86.ActiveCfg = Release|Any CPU
		{C98CB73F-D990-406B-AE11-5C7CAB5A6E94}.Release|x86.Build.0 = Release|Any CPU
		{18E300F7-B616-43D3-85FB-C65984FB5242}.Debug|Any CPU.ActiveCfg = Debug|Any CPU
		{18E300F7-B616-43D3-85FB-C65984FB5242}.Debug|Any CPU.Build.0 = Debug|Any CPU
		{18E300F7-B616-43D3-85FB-C65984FB5242}.Debug|iPhone.ActiveCfg = Debug|Any CPU
		{18E300F7-B616-43D3-85FB-C65984FB5242}.Debug|iPhone.Build.0 = Debug|Any CPU
		{18E300F7-B616-43D3-85FB-C65984FB5242}.Debug|iPhoneSimulator.ActiveCfg = Debug|Any CPU
		{18E300F7-B616-43D3-85FB-C65984FB5242}.Debug|iPhoneSimulator.Build.0 = Debug|Any CPU
		{18E300F7-B616-43D3-85FB-C65984FB5242}.Debug|x64.ActiveCfg = Debug|Any CPU
		{18E300F7-B616-43D3-85FB-C65984FB5242}.Debug|x64.Build.0 = Debug|Any CPU
		{18E300F7-B616-43D3-85FB-C65984FB5242}.Debug|x86.ActiveCfg = Debug|Any CPU
		{18E300F7-B616-43D3-85FB-C65984FB5242}.Debug|x86.Build.0 = Debug|Any CPU
		{18E300F7-B616-43D3-85FB-C65984FB5242}.Release|Any CPU.ActiveCfg = Release|Any CPU
		{18E300F7-B616-43D3-85FB-C65984FB5242}.Release|Any CPU.Build.0 = Release|Any CPU
		{18E300F7-B616-43D3-85FB-C65984FB5242}.Release|iPhone.ActiveCfg = Release|Any CPU
		{18E300F7-B616-43D3-85FB-C65984FB5242}.Release|iPhone.Build.0 = Release|Any CPU
		{18E300F7-B616-43D3-85FB-C65984FB5242}.Release|iPhoneSimulator.ActiveCfg = Release|Any CPU
		{18E300F7-B616-43D3-85FB-C65984FB5242}.Release|iPhoneSimulator.Build.0 = Release|Any CPU
		{18E300F7-B616-43D3-85FB-C65984FB5242}.Release|x64.ActiveCfg = Release|Any CPU
		{18E300F7-B616-43D3-85FB-C65984FB5242}.Release|x64.Build.0 = Release|Any CPU
		{18E300F7-B616-43D3-85FB-C65984FB5242}.Release|x86.ActiveCfg = Release|Any CPU
		{18E300F7-B616-43D3-85FB-C65984FB5242}.Release|x86.Build.0 = Release|Any CPU
		{4E4C2EB5-5A14-45CB-AF04-462B65C2A4CC}.Debug|Any CPU.ActiveCfg = Debug|Any CPU
		{4E4C2EB5-5A14-45CB-AF04-462B65C2A4CC}.Debug|Any CPU.Build.0 = Debug|Any CPU
		{4E4C2EB5-5A14-45CB-AF04-462B65C2A4CC}.Debug|iPhone.ActiveCfg = Debug|Any CPU
		{4E4C2EB5-5A14-45CB-AF04-462B65C2A4CC}.Debug|iPhone.Build.0 = Debug|Any CPU
		{4E4C2EB5-5A14-45CB-AF04-462B65C2A4CC}.Debug|iPhoneSimulator.ActiveCfg = Debug|Any CPU
		{4E4C2EB5-5A14-45CB-AF04-462B65C2A4CC}.Debug|iPhoneSimulator.Build.0 = Debug|Any CPU
		{4E4C2EB5-5A14-45CB-AF04-462B65C2A4CC}.Debug|x64.ActiveCfg = Debug|Any CPU
		{4E4C2EB5-5A14-45CB-AF04-462B65C2A4CC}.Debug|x64.Build.0 = Debug|Any CPU
		{4E4C2EB5-5A14-45CB-AF04-462B65C2A4CC}.Debug|x86.ActiveCfg = Debug|Any CPU
		{4E4C2EB5-5A14-45CB-AF04-462B65C2A4CC}.Debug|x86.Build.0 = Debug|Any CPU
		{4E4C2EB5-5A14-45CB-AF04-462B65C2A4CC}.Release|Any CPU.ActiveCfg = Release|Any CPU
		{4E4C2EB5-5A14-45CB-AF04-462B65C2A4CC}.Release|Any CPU.Build.0 = Release|Any CPU
		{4E4C2EB5-5A14-45CB-AF04-462B65C2A4CC}.Release|iPhone.ActiveCfg = Release|Any CPU
		{4E4C2EB5-5A14-45CB-AF04-462B65C2A4CC}.Release|iPhone.Build.0 = Release|Any CPU
		{4E4C2EB5-5A14-45CB-AF04-462B65C2A4CC}.Release|iPhoneSimulator.ActiveCfg = Release|Any CPU
		{4E4C2EB5-5A14-45CB-AF04-462B65C2A4CC}.Release|iPhoneSimulator.Build.0 = Release|Any CPU
		{4E4C2EB5-5A14-45CB-AF04-462B65C2A4CC}.Release|x64.ActiveCfg = Release|Any CPU
		{4E4C2EB5-5A14-45CB-AF04-462B65C2A4CC}.Release|x64.Build.0 = Release|Any CPU
		{4E4C2EB5-5A14-45CB-AF04-462B65C2A4CC}.Release|x86.ActiveCfg = Release|Any CPU
		{4E4C2EB5-5A14-45CB-AF04-462B65C2A4CC}.Release|x86.Build.0 = Release|Any CPU
		{73267280-B0CE-4E30-A86A-E52F6A2FD889}.Debug|Any CPU.ActiveCfg = Debug|Any CPU
		{73267280-B0CE-4E30-A86A-E52F6A2FD889}.Debug|Any CPU.Build.0 = Debug|Any CPU
		{73267280-B0CE-4E30-A86A-E52F6A2FD889}.Debug|iPhone.ActiveCfg = Debug|Any CPU
		{73267280-B0CE-4E30-A86A-E52F6A2FD889}.Debug|iPhone.Build.0 = Debug|Any CPU
		{73267280-B0CE-4E30-A86A-E52F6A2FD889}.Debug|iPhoneSimulator.ActiveCfg = Debug|Any CPU
		{73267280-B0CE-4E30-A86A-E52F6A2FD889}.Debug|iPhoneSimulator.Build.0 = Debug|Any CPU
		{73267280-B0CE-4E30-A86A-E52F6A2FD889}.Debug|x64.ActiveCfg = Debug|Any CPU
		{73267280-B0CE-4E30-A86A-E52F6A2FD889}.Debug|x64.Build.0 = Debug|Any CPU
		{73267280-B0CE-4E30-A86A-E52F6A2FD889}.Debug|x86.ActiveCfg = Debug|Any CPU
		{73267280-B0CE-4E30-A86A-E52F6A2FD889}.Debug|x86.Build.0 = Debug|Any CPU
		{73267280-B0CE-4E30-A86A-E52F6A2FD889}.Release|Any CPU.ActiveCfg = Release|Any CPU
		{73267280-B0CE-4E30-A86A-E52F6A2FD889}.Release|Any CPU.Build.0 = Release|Any CPU
		{73267280-B0CE-4E30-A86A-E52F6A2FD889}.Release|iPhone.ActiveCfg = Release|Any CPU
		{73267280-B0CE-4E30-A86A-E52F6A2FD889}.Release|iPhone.Build.0 = Release|Any CPU
		{73267280-B0CE-4E30-A86A-E52F6A2FD889}.Release|iPhoneSimulator.ActiveCfg = Release|Any CPU
		{73267280-B0CE-4E30-A86A-E52F6A2FD889}.Release|iPhoneSimulator.Build.0 = Release|Any CPU
		{73267280-B0CE-4E30-A86A-E52F6A2FD889}.Release|x64.ActiveCfg = Release|Any CPU
		{73267280-B0CE-4E30-A86A-E52F6A2FD889}.Release|x64.Build.0 = Release|Any CPU
		{73267280-B0CE-4E30-A86A-E52F6A2FD889}.Release|x86.ActiveCfg = Release|Any CPU
		{73267280-B0CE-4E30-A86A-E52F6A2FD889}.Release|x86.Build.0 = Release|Any CPU
		{06D377C3-BA76-4645-BB45-7EB96E572F11}.Debug|Any CPU.ActiveCfg = Debug|Any CPU
		{06D377C3-BA76-4645-BB45-7EB96E572F11}.Debug|Any CPU.Build.0 = Debug|Any CPU
		{06D377C3-BA76-4645-BB45-7EB96E572F11}.Debug|iPhone.ActiveCfg = Debug|Any CPU
		{06D377C3-BA76-4645-BB45-7EB96E572F11}.Debug|iPhone.Build.0 = Debug|Any CPU
		{06D377C3-BA76-4645-BB45-7EB96E572F11}.Debug|iPhoneSimulator.ActiveCfg = Debug|Any CPU
		{06D377C3-BA76-4645-BB45-7EB96E572F11}.Debug|iPhoneSimulator.Build.0 = Debug|Any CPU
		{06D377C3-BA76-4645-BB45-7EB96E572F11}.Debug|x64.ActiveCfg = Debug|Any CPU
		{06D377C3-BA76-4645-BB45-7EB96E572F11}.Debug|x64.Build.0 = Debug|Any CPU
		{06D377C3-BA76-4645-BB45-7EB96E572F11}.Debug|x86.ActiveCfg = Debug|Any CPU
		{06D377C3-BA76-4645-BB45-7EB96E572F11}.Debug|x86.Build.0 = Debug|Any CPU
		{06D377C3-BA76-4645-BB45-7EB96E572F11}.Release|Any CPU.ActiveCfg = Release|Any CPU
		{06D377C3-BA76-4645-BB45-7EB96E572F11}.Release|Any CPU.Build.0 = Release|Any CPU
		{06D377C3-BA76-4645-BB45-7EB96E572F11}.Release|iPhone.ActiveCfg = Release|Any CPU
		{06D377C3-BA76-4645-BB45-7EB96E572F11}.Release|iPhone.Build.0 = Release|Any CPU
		{06D377C3-BA76-4645-BB45-7EB96E572F11}.Release|iPhoneSimulator.ActiveCfg = Release|Any CPU
		{06D377C3-BA76-4645-BB45-7EB96E572F11}.Release|iPhoneSimulator.Build.0 = Release|Any CPU
		{06D377C3-BA76-4645-BB45-7EB96E572F11}.Release|x64.ActiveCfg = Release|Any CPU
		{06D377C3-BA76-4645-BB45-7EB96E572F11}.Release|x64.Build.0 = Release|Any CPU
		{06D377C3-BA76-4645-BB45-7EB96E572F11}.Release|x86.ActiveCfg = Release|Any CPU
		{06D377C3-BA76-4645-BB45-7EB96E572F11}.Release|x86.Build.0 = Release|Any CPU
		{D443C784-D1DA-446B-92EB-C4510FE1A251}.Debug|Any CPU.ActiveCfg = Debug|Any CPU
		{D443C784-D1DA-446B-92EB-C4510FE1A251}.Debug|Any CPU.Build.0 = Debug|Any CPU
		{D443C784-D1DA-446B-92EB-C4510FE1A251}.Debug|iPhone.ActiveCfg = Debug|Any CPU
		{D443C784-D1DA-446B-92EB-C4510FE1A251}.Debug|iPhone.Build.0 = Debug|Any CPU
		{D443C784-D1DA-446B-92EB-C4510FE1A251}.Debug|iPhoneSimulator.ActiveCfg = Debug|Any CPU
		{D443C784-D1DA-446B-92EB-C4510FE1A251}.Debug|iPhoneSimulator.Build.0 = Debug|Any CPU
		{D443C784-D1DA-446B-92EB-C4510FE1A251}.Debug|x64.ActiveCfg = Debug|Any CPU
		{D443C784-D1DA-446B-92EB-C4510FE1A251}.Debug|x64.Build.0 = Debug|Any CPU
		{D443C784-D1DA-446B-92EB-C4510FE1A251}.Debug|x86.ActiveCfg = Debug|Any CPU
		{D443C784-D1DA-446B-92EB-C4510FE1A251}.Debug|x86.Build.0 = Debug|Any CPU
		{D443C784-D1DA-446B-92EB-C4510FE1A251}.Release|Any CPU.ActiveCfg = Release|Any CPU
		{D443C784-D1DA-446B-92EB-C4510FE1A251}.Release|Any CPU.Build.0 = Release|Any CPU
		{D443C784-D1DA-446B-92EB-C4510FE1A251}.Release|iPhone.ActiveCfg = Release|Any CPU
		{D443C784-D1DA-446B-92EB-C4510FE1A251}.Release|iPhone.Build.0 = Release|Any CPU
		{D443C784-D1DA-446B-92EB-C4510FE1A251}.Release|iPhoneSimulator.ActiveCfg = Release|Any CPU
		{D443C784-D1DA-446B-92EB-C4510FE1A251}.Release|iPhoneSimulator.Build.0 = Release|Any CPU
		{D443C784-D1DA-446B-92EB-C4510FE1A251}.Release|x64.ActiveCfg = Release|Any CPU
		{D443C784-D1DA-446B-92EB-C4510FE1A251}.Release|x64.Build.0 = Release|Any CPU
		{D443C784-D1DA-446B-92EB-C4510FE1A251}.Release|x86.ActiveCfg = Release|Any CPU
		{D443C784-D1DA-446B-92EB-C4510FE1A251}.Release|x86.Build.0 = Release|Any CPU
	EndGlobalSection
	GlobalSection(SolutionProperties) = preSolution
		HideSolutionNode = FALSE
	EndGlobalSection
	GlobalSection(ExtensibilityGlobals) = postSolution
		SolutionGuid = {2E69E2A1-8B76-48EE-B311-E1BED9355D95}
	EndGlobalSection
EndGlobal
